{
  "name": "nitrolang",
  "version": "0.4.8",
  "lockfileVersion": 3,
  "requires": true,
  "packages": {
    "": {
      "name": "nitrolang",
      "version": "0.4.8",
      "license": "GPL-3.0",
      "dependencies": {
        "@types/node": "^20.2.5",
        "nitrolang": "^0.4.8-dev",
        "readline-sync": "^1.4.10",
        "typescript": "^5.1.3"
      },
      "bin": {
        "nitro": "lib/src/index.js"
      },
      "engines": {
        "node": ">=18.16.0",
        "npm": ">=9.6.7"
      }
    },
    "node_modules/@types/node": {
      "version": "20.2.5",
      "resolved": "https://registry.npmjs.org/@types/node/-/node-20.2.5.tgz",
      "integrity": "sha512-JJulVEQXmiY9Px5axXHeYGLSjhkZEnD+MDPDGbCbIAbMslkKwmygtZFy1X6s/075Yo94sf8GuSlFfPzysQrWZQ=="
    },
    "node_modules/nitrolang": {
      "version": "0.4.8-dev",
      "resolved": "https://registry.npmjs.org/nitrolang/-/nitrolang-0.4.8-dev.tgz",
      "integrity": "sha512-2WQ/Dt3c/G4Dm95iZDz7GoYthigst7Cl7cflc6PfMV00/nNv8pfADT6dRWNZSGryJ1BH4d2stT5j2IBti88MKA==",
      "dependencies": {
        "@types/node": "^20.2.5",
        "readline-sync": "^1.4.10",
        "typescript": "^5.1.3"
      },
      "bin": {
        "nitro": "lib/src/index.js"
      },
      "engines": {
        "node": ">=18.16.0",
        "npm": ">=9.6.7"
      }
    },
    "node_modules/readline-sync": {
      "version": "1.4.10",
      "resolved": "https://registry.npmjs.org/readline-sync/-/readline-sync-1.4.10.tgz",
      "integrity": "sha512-gNva8/6UAe8QYepIQH/jQ2qn91Qj0B9sYjMBBs3QOB8F2CXcKgLxQaJRP76sWVRQt+QU+8fAkCbCvjjMFu7Ycw==",
      "engines": {
        "node": ">= 0.8.0"
      }
    },
    "node_modules/typescript": {
      "version": "5.1.3",
      "resolved": "https://registry.npmjs.org/typescript/-/typescript-5.1.3.tgz",
      "integrity": "sha512-XH627E9vkeqhlZFQuL+UsyAXEnibT0kWR2FWONlr4sTjvxyJYnyefgrkyECLzM5NenmKzRAy2rR/OlYLA1HkZw==",
      "bin": {
        "tsc": "bin/tsc",
        "tsserver": "bin/tsserver"
      },
      "engines": {
        "node": ">=14.17"
      }
    }
  }
}
